
Microsoft Visual Studio Solution File, Format Version 12.00
# Visual Studio 15
VisualStudioVersion = 15.0.28307.1022
MinimumVisualStudioVersion = 10.0.40219.1
Project("{FAE04EC0-301F-11D3-BF4B-00C04F79EFBC}") = "MyShop.Core", "MyShop.Core\MyShop.Core.csproj", "{E034EF40-E2C8-42A5-A169-2D94DF68043E}"
EndProject
Project("{FAE04EC0-301F-11D3-BF4B-00C04F79EFBC}") = "MyShop.DataAccess.SQL", "MyShop.DataAccess.SQL\MyShop.DataAccess.SQL.csproj", "{9A180241-14FD-45A1-B2FF-22A1032129FF}"
EndProject
Project("{FAE04EC0-301F-11D3-BF4B-00C04F79EFBC}") = "MyShop.Services", "MyShop.Services\MyShop.Services.csproj", "{F0886370-A24F-4591-B115-B03BA0B6B9B2}"
EndProject
Project("{FAE04EC0-301F-11D3-BF4B-00C04F79EFBC}") = "MyShop.DataAccess.InMemory", "MyShop.DataAccess.InMemory\MyShop.DataAccess.InMemory.csproj", "{FDA60F9B-008A-4926-A6AB-25D0969FED91}"
EndProject
Project("{FAE04EC0-301F-11D3-BF4B-00C04F79EFBC}") = "MyShop.WebUI", "MyShop.WebUI\MyShop.WebUI.csproj", "{471DC88F-AD29-44E4-A9E2-8B3FF012EF5A}"
EndProject
Project("{FAE04EC0-301F-11D3-BF4B-00C04F79EFBC}") = "MyShop.WebUI.Tests", "MyShop.WebUI.Tests\MyShop.WebUI.Tests.csproj", "{451F4E2C-9038-4C80-A7E9-B56FA01C8704}"
EndProject
Global
	GlobalSection(SolutionConfigurationPlatforms) = preSolution
		Debug|Any CPU = Debug|Any CPU
		Release|Any CPU = Release|Any CPU
	EndGlobalSection
	GlobalSection(ProjectConfigurationPlatforms) = postSolution
		{E034EF40-E2C8-42A5-A169-2D94DF68043E}.Debug|Any CPU.ActiveCfg = Debug|Any CPU
		{E034EF40-E2C8-42A5-A169-2D94DF68043E}.Debug|Any CPU.Build.0 = Debug|Any CPU
		{E034EF40-E2C8-42A5-A169-2D94DF68043E}.Release|Any CPU.ActiveCfg = Release|Any CPU
		{E034EF40-E2C8-42A5-A169-2D94DF68043E}.Release|Any CPU.Build.0 = Release|Any CPU
		{9A180241-14FD-45A1-B2FF-22A1032129FF}.Debug|Any CPU.ActiveCfg = Debug|Any CPU
		{9A180241-14FD-45A1-B2FF-22A1032129FF}.Debug|Any CPU.Build.0 = Debug|Any CPU
		{9A180241-14FD-45A1-B2FF-22A1032129FF}.Release|Any CPU.ActiveCfg = Release|Any CPU
		{9A180241-14FD-45A1-B2FF-22A1032129FF}.Release|Any CPU.Build.0 = Release|Any CPU
		{F0886370-A24F-4591-B115-B03BA0B6B9B2}.Debug|Any CPU.ActiveCfg = Debug|Any CPU
		{F0886370-A24F-4591-B115-B03BA0B6B9B2}.Debug|Any CPU.Build.0 = Debug|Any CPU
		{F0886370-A24F-4591-B115-B03BA0B6B9B2}.Release|Any CPU.ActiveCfg = Release|Any CPU
		{F0886370-A24F-4591-B115-B03BA0B6B9B2}.Release|Any CPU.Build.0 = Release|Any CPU
		{FDA60F9B-008A-4926-A6AB-25D0969FED91}.Debug|Any CPU.ActiveCfg = Debug|Any CPU
		{FDA60F9B-008A-4926-A6AB-25D0969FED91}.Debug|Any CPU.Build.0 = Debug|Any CPU
		{FDA60F9B-008A-4926-A6AB-25D0969FED91}.Release|Any CPU.ActiveCfg = Release|Any CPU
		{FDA60F9B-008A-4926-A6AB-25D0969FED91}.Release|Any CPU.Build.0 = Release|Any CPU
		{471DC88F-AD29-44E4-A9E2-8B3FF012EF5A}.Debug|Any CPU.ActiveCfg = Debug|Any CPU
		{471DC88F-AD29-44E4-A9E2-8B3FF012EF5A}.Debug|Any CPU.Build.0 = Debug|Any CPU
		{471DC88F-AD29-44E4-A9E2-8B3FF012EF5A}.Release|Any CPU.ActiveCfg = Release|Any CPU
		{471DC88F-AD29-44E4-A9E2-8B3FF012EF5A}.Release|Any CPU.Build.0 = Release|Any CPU
		{451F4E2C-9038-4C80-A7E9-B56FA01C8704}.Debug|Any CPU.ActiveCfg = Debug|Any CPU
		{451F4E2C-9038-4C80-A7E9-B56FA01C8704}.Debug|Any CPU.Build.0 = Debug|Any CPU
		{451F4E2C-9038-4C80-A7E9-B56FA01C8704}.Release|Any CPU.ActiveCfg = Release|Any CPU
		{451F4E2C-9038-4C80-A7E9-B56FA01C8704}.Release|Any CPU.Build.0 = Release|Any CPU
	EndGlobalSection
	GlobalSection(SolutionProperties) = preSolution
		HideSolutionNode = FALSE
	EndGlobalSection
	GlobalSection(ExtensibilityGlobals) = postSolution
		SolutionGuid = {3417EB9D-C657-4336-8A4C-D96A39FDD5A7}
	EndGlobalSection
EndGlobal
